// !$*UTF8*$!
{
	archiveVersion = 1;
	classes = {
	};
	objectVersion = 77;
	objects = {

/* Begin PBXBuildFile section */
		6AEA250E2FB5FA3D00D3A490 /* StoreKit.framework in Frameworks */ = {isa = PBXBuildFile; fileRef = 6AEA250D2FB5FA3D00D3A490 /* StoreKit.framework */; };
		8C8AE0AF08428941714C867C /* Scrollit.storekit in Resources */ = {isa = PBXBuildFile; fileRef = 30F6395808EB3B260075274D /* Scrollit.storekit */; };
		A9E120EE207323CB341B5039 /* Scrollit.storekit in Sources */ = {isa = PBXBuildFile; fileRef = 30F6395808EB3B260075274D /* Scrollit.storekit */; };
/* End PBXBuildFile section */

/* Begin PBXContainerItemProxy section */
		6AA413A52FB03DD9006ABF8E /* PBXContainerItemProxy */ = {
			isa = PBXContainerItemProxy;
			containerPortal = 6AA4138F2FB03DD8006ABF8E /* Project object */;
			proxyType = 1;
			remoteGlobalIDString = 6AA413962FB03DD8006ABF8E;
			remoteInfo = Scrollit;
		};
		6AA413AF2FB03DD9006ABF8E /* PBXContainerItemProxy */ = {
			isa = PBXContainerItemProxy;
			containerPortal = 6AA4138F2FB03DD8006ABF8E /* Project object */;
			proxyType = 1;
			remoteGlobalIDString = 6AA413962FB03DD8006ABF8E;
			remoteInfo = Scrollit;
		};
/* End PBXContainerItemProxy section */

/* Begin PBXFileReference section */
		30F6395808EB3B260075274D /* Scrollit.storekit */ = {isa = PBXFileReference; includeInIndex = 1; lastKnownFileType = json; path = Scrollit.storekit; sourceTree = "<group>"; };
		6AA413972FB03DD8006ABF8E /* Scrollit.app */ = {isa = PBXFileReference; explicitFileType = wrapper.application; includeInIndex = 0; path = Scrollit.app; sourceTree = BUILT_PRODUCTS_DIR; };
		6AA413A42FB03DD9006ABF8E /* ScrollitTests.xctest */ = {isa = PBXFileReference; explicitFileType = wrapper.cfbundle; includeInIndex = 0; path = ScrollitTests.xctest; sourceTree = BUILT_PRODUCTS_DIR; };
		6AA413AE2FB03DD9006ABF8E /* ScrollitUITests.xctest */ = {isa = PBXFileReference; explicitFileType = wrapper.cfbundle; includeInIndex = 0; path = ScrollitUITests.xctest; sourceTree = BUILT_PRODUCTS_DIR; };
		6AEA250D2FB5FA3D00D3A490 /* StoreKit.framework */ = {isa = PBXFileReference; lastKnownFileType = wrapper.framework; name = StoreKit.framework; path = System/Library/Frameworks/StoreKit.framework; sourceTree = SDKROOT; };
/* End PBXFileReference section */

/* Begin PBXFileSystemSynchronizedRootGroup section */
		6AA413992FB03DD8006ABF8E /* Scrollit */ = {
			isa = PBXFileSystemSynchronizedRootGroup;
			path = Scrollit;
			sourceTree = "<group>";
		};
		6AA413A72FB03DD9006ABF8E /* ScrollitTests */ = {
			isa = PBXFileSystemSynchronizedRootGroup;
			path = ScrollitTests;
			sourceTree = "<group>";
		};
		6AA413B12FB03DD9006ABF8E /* ScrollitUITests */ = {
			isa = PBXFileSystemSynchronizedRootGroup;
			path = ScrollitUITests;
			sourceTree = "<group>";
		};
/* End PBXFileSystemSynchronizedRootGroup section */

/* Begin PBXFrameworksBuildPhase section */
		6AA413942FB03DD8006ABF8E /* Frameworks */ = {
			isa = PBXFrameworksBuildPhase;
			buildActionMask = 2147483647;
			files = (
				6AEA250E2FB5FA3D00D3A490 /* StoreKit.framework in Frameworks */,
			);
			runOnlyForDeploymentPostprocessing = 0;
		};
		6AA413A12FB03DD9006ABF8E /* Frameworks */ = {
			isa = PBXFrameworksBuildPhase;
			buildActionMask = 2147483647;
			files = (
			);
			runOnlyForDeploymentPostprocessing = 0;
		};
		6AA413AB2FB03DD9006ABF8E /* Frameworks */ = {
			isa = PBXFrameworksBuildPhase;
			buildActionMask = 2147483647;
			files = (
			);
			runOnlyForDeploymentPostprocessing = 0;
		};
/* End PBXFrameworksBuildPhase section */

/* Begin PBXGroup section */
		6AA4138E2FB03DD8006ABF8E = {
			isa = PBXGroup;
			children = (
				6AA413992FB03DD8006ABF8E /* Scrollit */,
				6AA413A72FB03DD9006ABF8E /* ScrollitTests */,
				6AA413B12FB03DD9006ABF8E /* ScrollitUITests */,
				6AA413982FB03DD8006ABF8E /* Products */,
				30F6395808EB3B260075274D /* Scrollit.storekit */,
				6AEA250C2FB5FA3D00D3A490 /* Frameworks */,
			);
			sourceTree = "<group>";
		};
		6AA413982FB03DD8006ABF8E /* Products */ = {
			isa = PBXGroup;
			children = (
				6AA413972FB03DD8006ABF8E /* Scrollit.app */,
				6AA413A42FB03DD9006ABF8E /* ScrollitTests.xctest */,
				6AA413AE2FB03DD9006ABF8E /* ScrollitUITests.xctest */,
			);
			name = Products;
			sourceTree = "<group>";
		};
		6AEA250C2FB5FA3D00D3A490 /* Frameworks */ = {
			isa = PBXGroup;
			children = (
				6AEA250D2FB5FA3D00D3A490 /* StoreKit.framework */,
			);
			name = Frameworks;
			sourceTree = "<group>";
		};
/* End PBXGroup section */

/* Begin PBXNativeTarget section */
		6AA413962FB03DD8006ABF8E /* Scrollit */ = {
			isa = PBXNativeTarget;
			buildConfigurationList = 6AA413B82FB03DD9006ABF8E /* Build configuration list for PBXNativeTarget "Scrollit" */;
			buildPhases = (
				6AA413932FB03DD8006ABF8E /* Sources */,
				6AA413942FB03DD8006ABF8E /* Frameworks */,
				6AA413952FB03DD8006ABF8E /* Resources */,
			);
			buildRules = (
			);
			dependencies = (
			);
			fileSystemSynchronizedGroups = (
				6AA413992FB03DD8006ABF8E /* Scrollit */,
			);
			name = Scrollit;
			productName = Scrollit;
			productReference = 6AA413972FB03DD8006ABF8E /* Scrollit.app */;
			productType = "com.apple.product-type.application";
		};
		6AA413A32FB03DD9006ABF8E /* ScrollitTests */ = {
			isa = PBXNativeTarget;
			buildConfigurationList = 6AA413BB2FB03DD9006ABF8E /* Build configuration list for PBXNativeTarget "ScrollitTests" */;
			buildPhases = (
				6AA413A02FB03DD9006ABF8E /* Sources */,
				6AA413A12FB03DD9006ABF8E /* Frameworks */,
				6AA413A22FB03DD9006ABF8E /* Resources */,
			);
			buildRules = (
			);
			dependencies = (
				6AA413A62FB03DD9006ABF8E /* PBXTargetDependency */,
			);
			fileSystemSynchronizedGroups = (
				6AA413A72FB03DD9006ABF8E /* ScrollitTests */,
			);
			name = ScrollitTests;
			productName = ScrollitTests;
			productReference = 6AA413A42FB03DD9006ABF8E /* ScrollitTests.xctest */;
			productType = "com.apple.product-type.bundle.unit-test";
		};
		6AA413AD2FB03DD9006ABF8E /* ScrollitUITests */ = {
			isa = PBXNativeTarget;
			buildConfigurationList = 6AA413BE2FB03DD9006ABF8E /* Build configuration list for PBXNativeTarget "ScrollitUITests" */;
			buildPhases = (
				6AA413AA2FB03DD9006ABF8E /* Sources */,
				6AA413AB2FB03DD9006ABF8E /* Frameworks */,
				6AA413AC2FB03DD9006ABF8E /* Resources */,
			);
			buildRules = (
			);
			dependencies = (
				6AA413B02FB03DD9006ABF8E /* PBXTargetDependency */,
			);
			fileSystemSynchronizedGroups = (
				6AA413B12FB03DD9006ABF8E /* ScrollitUITests */,
			);
			name = ScrollitUITests;
			productName = ScrollitUITests;
			productReference = 6AA413AE2FB03DD9006ABF8E /* ScrollitUITests.xctest */;
			productType = "com.apple.product-type.bundle.ui-testing";
		};
/* End PBXNativeTarget section */

/* Begin PBXProject section */
		6AA4138F2FB03DD8006ABF8E /* Project object */ = {
			isa = PBXProject;
			attributes = {
				BuildIndependentTargetsInParallel = 1;
				LastSwiftUpdateCheck = 2640;
				LastUpgradeCheck = 2640;
				TargetAttributes = {
					6AA413962FB03DD8006ABF8E = {
						CreatedOnToolsVersion = 26.4.1;
					};
					6AA413A32FB03DD9006ABF8E = {
						CreatedOnToolsVersion = 26.4.1;
						TestTargetID = 6AA413962FB03DD8006ABF8E;
					};
					6AA413AD2FB03DD9006ABF8E = {
						CreatedOnToolsVersion = 26.4.1;
						TestTargetID = 6AA413962FB03DD8006ABF8E;
					};
				};
			};
			buildConfigurationList = 6AA413922FB03DD8006ABF8E /* Build configuration list for PBXProject "Scrollit" */;
			developmentRegion = en;
			hasScannedForEncodings = 0;
			knownRegions = (
				en,
				Base,
			);
			mainGroup = 6AA4138E2FB03DD8006ABF8E;
			minimizedProjectReferenceProxies = 1;
			preferredProjectObjectVersion = 77;
			productRefGroup = 6AA413982FB03DD8006ABF8E /* Products */;
			projectDirPath = "";
			projectRoot = "";
			targets = (
				6AA413962FB03DD8006ABF8E /* Scrollit */,
				6AA413A32FB03DD9006ABF8E /* ScrollitTests */,
				6AA413AD2FB03DD9006ABF8E /* ScrollitUITests */,
			);
		};
/* End PBXProject section */

/* Begin PBXResourcesBuildPhase section */
		6AA413952FB03DD8006ABF8E /* Resources */ = {
			isa = PBXResourcesBuildPhase;
			buildActionMask = 2147483647;
			files = (
				8C8AE0AF08428941714C867C /* Scrollit.storekit in Resources */,
			);
			runOnlyForDeploymentPostprocessing = 0;
		};
		6AA413A22FB03DD9006ABF8E /* Resources */ = {
			isa = PBXResourcesBuildPhase;
			buildActionMask = 2147483647;
			files = (
			);
			runOnlyForDeploymentPostprocessing = 0;
		};
		6AA413AC2FB03DD9006ABF8E /* Resources */ = {
			isa = PBXResourcesBuildPhase;
			buildActionMask = 2147483647;
			files = (
			);
			runOnlyForDeploymentPostprocessing = 0;
		};
/* End PBXResourcesBuildPhase section */

/* Begin PBXSourcesBuildPhase section */
		6AA413932FB03DD8006ABF8E /* Sources */ = {
			isa = PBXSourcesBuildPhase;
			buildActionMask = 2147483647;
			files = (
				A9E120EE207323CB341B5039 /* Scrollit.storekit in Sources */,
			);
			runOnlyForDeploymentPostprocessing = 0;
		};
		6AA413A02FB03DD9006ABF8E /* Sources */ = {
			isa = PBXSourcesBuildPhase;
			buildActionMask = 2147483647;
			files = (
			);
			runOnlyForDeploymentPostprocessing = 0;
		};
		6AA413AA2FB03DD9006ABF8E /* Sources */ = {
			isa = PBXSourcesBuildPhase;
			buildActionMask = 2147483647;
			files = (
			);
			runOnlyForDeploymentPostprocessing = 0;
		};
/* End PBXSourcesBuildPhase section */

/* Begin PBXTargetDependency section */
		6AA413A62FB03DD9006ABF8E /* PBXTargetDependency */ = {
			isa = PBXTargetDependency;
			target = 6AA413962FB03DD8006ABF8E /* Scrollit */;
			targetProxy = 6AA413A52FB03DD9006ABF8E /* PBXContainerItemProxy */;
		};
		6AA413B02FB03DD9006ABF8E /* PBXTargetDependency */ = {
			isa = PBXTargetDependency;
			target = 6AA413962FB03DD8006ABF8E /* Scrollit */;
			targetProxy = 6AA413AF2FB03DD9006ABF8E /* PBXContainerItemProxy */;
		};
/* End PBXTargetDependency section */

/* Begin XCBuildConfiguration section */
		6AA413B62FB03DD9006ABF8E /* Debug */ = {
			isa = XCBuildConfiguration;
			buildSettings = {
				ALWAYS_SEARCH_USER_PATHS = NO;
				ASSETCATALOG_COMPILER_GENERATE_SWIFT_ASSET_SYMBOL_EXTENSIONS = YES;
				CLANG_ANALYZER_NONNULL = YES;
				CLANG_ANALYZER_NUMBER_OBJECT_CONVERSION = YES_AGGRESSIVE;
				CLANG_CXX_LANGUAGE_STANDARD = "gnu++20";
				CLANG_ENABLE_MODULES = YES;
				CLANG_ENABLE_OBJC_ARC = YES;
				CLANG_ENABLE_OBJC_WEAK = YES;
				CLANG_WARN_BLOCK_CAPTURE_AUTORELEASING = YES;
				CLANG_WARN_BOOL_CONVERSION = YES;
				CLANG_WARN_COMMA = YES;
				CLANG_WARN_CONSTANT_CONVERSION = YES;
				CLANG_WARN_DEPRECATED_OBJC_IMPLEMENTATIONS = YES;
				CLANG_WARN_DIRECT_OBJC_ISA_USAGE = YES_ERROR;
				CLANG_WARN_DOCUMENTATION_COMMENTS = YES;
				CLANG_WARN_EMPTY_BODY = YES;
				CLANG_WARN_ENUM_CONVERSION = YES;
				CLANG_WARN_INFINITE_RECURSION = YES;
				CLANG_WARN_INT_CONVERSION = YES;
				CLANG_WARN_NON_LITERAL_NULL_CONVERSION = YES;
				CLANG_WARN_OBJC_IMPLICIT_RETAIN_SELF = YES;
				CLANG_WARN_OBJC_LITERAL_CONVERSION = YES;
				CLANG_WARN_OBJC_ROOT_CLASS = YES_ERROR;
				CLANG_WARN_QUOTED_INCLUDE_IN_FRAMEWORK_HEADER = YES;
				CLANG_WARN_RANGE_LOOP_ANALYSIS = YES;
				CLANG_WARN_STRICT_PROTOTYPES = YES;
				CLANG_WARN_SUSPICIOUS_MOVE = YES;
				CLANG_WARN_UNGUARDED_AVAILABILITY = YES_AGGRESSIVE;
				CLANG_WARN_UNREACHABLE_CODE = YES;
				CLANG_WARN__DUPLICATE_METHOD_MATCH = YES;
				COPY_PHASE_STRIP = NO;
				DEBUG_INFORMATION_FORMAT = dwarf;
				DEVELOPMENT_TEAM = JP4TN5PTS3;
				ENABLE_STRICT_OBJC_MSGSEND = YES;
				ENABLE_TESTABILITY = YES;
				ENABLE_USER_SCRIPT_SANDBOXING = YES;
				GCC_C_LANGUAGE_STANDARD = gnu17;
				GCC_DYNAMIC_NO_PIC = NO;
				GCC_NO_COMMON_BLOCKS = YES;
				GCC_OPTIMIZATION_LEVEL = 0;
				GCC_PREPROCESSOR_DEFINITIONS = (
					"DEBUG=1",
					"$(inherited)",
				);
				GCC_WARN_64_TO_32_BIT_CONVERSION = YES;
				GCC_WARN_ABOUT_RETURN_TYPE = YES_ERROR;
				GCC_WARN_UNDECLARED_SELECTOR = YES;
				GCC_WARN_UNINITIALIZED_AUTOS = YES_AGGRESSIVE;
				GCC_WARN_UNUSED_FUNCTION = YES;
				GCC_WARN_UNUSED_VARIABLE = YES;
				IPHONEOS_DEPLOYMENT_TARGET = 26.4;
				LOCALIZATION_PREFERS_STRING_CATALOGS = YES;
				MTL_ENABLE_DEBUG_INFO = INCLUDE_SOURCE;
				MTL_FAST_MATH = YES;
				ONLY_ACTIVE_ARCH = YES;
				SDKROOT = iphoneos;
				SWIFT_ACTIVE_COMPILATION_CONDITIONS = "DEBUG $(inherited)";
				SWIFT_OPTIMIZATION_LEVEL = "-Onone";
			};
			name = Debug;
		};
		6AA413B72FB03DD9006ABF8E /* Release */ = {
			isa = XCBuildConfiguration;
			buildSettings = {
				ALWAYS_SEARCH_USER_PATHS = NO;
				ASSETCATALOG_COMPILER_GENERATE_SWIFT_ASSET_SYMBOL_EXTENSIONS = YES;
				CLANG_ANALYZER_NONNULL = YES;
				CLANG_ANALYZER_NUMBER_OBJECT_CONVERSION = YES_AGGRESSIVE;
				CLANG_CXX_LANGUAGE_STANDARD = "gnu++20";
				CLANG_ENABLE_MODULES = YES;
				CLANG_ENABLE_OBJC_ARC = YES;
				CLANG_ENABLE_OBJC_WEAK = YES;
				CLANG_WARN_BLOCK_CAPTURE_AUTORELEASING = YES;
				CLANG_WARN_BOOL_CONVERSION = YES;
				CLANG_WARN_COMMA = YES;
				CLANG_WARN_CONSTANT_CONVERSION = YES;
				CLANG_WARN_DEPRECATED_OBJC_IMPLEMENTATIONS = YES;
				CLANG_WARN_DIRECT_OBJC_ISA_USAGE = YES_ERROR;
				CLANG_WARN_DOCUMENTATION_COMMENTS = YES;
				CLANG_WARN_EMPTY_BODY = YES;
				CLANG_WARN_ENUM_CONVERSION = YES;
				CLANG_WARN_INFINITE_RECURSION = YES;
				CLANG_WARN_INT_CONVERSION = YES;
				CLANG_WARN_NON_LITERAL_NULL_CONVERSION = YES;
				CLANG_WARN_OBJC_IMPLICIT_RETAIN_SELF = YES;
				CLANG_WARN_OBJC_LITERAL_CONVERSION = YES;
				CLANG_WARN_OBJC_ROOT_CLASS = YES_ERROR;
				CLANG_WARN_QUOTED_INCLUDE_IN_FRAMEWORK_HEADER = YES;
				CLANG_WARN_RANGE_LOOP_ANALYSIS = YES;
				CLANG_WARN_STRICT_PROTOTYPES = YES;
				CLANG_WARN_SUSPICIOUS_MOVE = YES;
				CLANG_WARN_UNGUARDED_AVAILABILITY = YES_AGGRESSIVE;
				CLANG_WARN_UNREACHABLE_CODE = YES;
				CLANG_WARN__DUPLICATE_METHOD_MATCH = YES;
				COPY_PHASE_STRIP = NO;
				DEBUG_INFORMATION_FORMAT = "dwarf-with-dsym";
				DEVELOPMENT_TEAM = JP4TN5PTS3;
				ENABLE_NS_ASSERTIONS = NO;
				ENABLE_STRICT_OBJC_MSGSEND = YES;
				ENABLE_USER_SCRIPT_SANDBOXING = YES;
				GCC_C_LANGUAGE_STANDARD = gnu17;
				GCC_NO_COMMON_BLOCKS = YES;
				GCC_WARN_64_TO_32_BIT_CONVERSION = YES;
				GCC_WARN_ABOUT_RETURN_TYPE = YES_ERROR;
				GCC_WARN_UNDECLARED_SELECTOR = YES;
				GCC_WARN_UNINITIALIZED_AUTOS = YES_AGGRESSIVE;
				GCC_WARN_UNUSED_FUNCTION = YES;
				GCC_WARN_UNUSED_VARIABLE = YES;
				IPHONEOS_DEPLOYMENT_TARGET = 26.4;
				LOCALIZATION_PREFERS_STRING_CATALOGS = YES;
				MTL_ENABLE_DEBUG_INFO = NO;
				MTL_FAST_MATH = YES;
				SDKROOT = iphoneos;
				SWIFT_COMPILATION_MODE = wholemodule;
				VALIDATE_PRODUCT = YES;
			};
			name = Release;
		};
		6AA413B92FB03DD9006ABF8E /* Debug */ = {
			isa = XCBuildConfiguration;
			buildSettings = {
				ASSETCATALOG_COMPILER_APPICON_NAME = AppIcon;
				ASSETCATALOG_COMPILER_GLOBAL_ACCENT_COLOR_NAME = AccentColor;
				CODE_SIGN_STYLE = Automatic;
				CURRENT_PROJECT_VERSION = 19;
				DEVELOPMENT_TEAM = JP4TN5PTS3;
				ENABLE_PREVIEWS = YES;
				GENERATE_INFOPLIST_FILE = YES;
				INFOPLIST_KEY_UIApplicationSceneManifest_Generation = YES;
				INFOPLIST_KEY_UIApplicationSupportsIndirectInputEvents = YES;
				INFOPLIST_KEY_UILaunchScreen_Generation = YES;
				INFOPLIST_KEY_UISupportedInterfaceOrientations_iPad = "UIInterfaceOrientationPortrait UIInterfaceOrientationPortraitUpsideDown UIInterfaceOrientationLandscapeLeft UIInterfaceOrientationLandscapeRight";
				INFOPLIST_KEY_UISupportedInterfaceOrientations_iPhone = "UIInterfaceOrientationPortrait UIInterfaceOrientationLandscapeLeft UIInterfaceOrientationLandscapeRight";
				IPHONEOS_DEPLOYMENT_TARGET = 17;
				LD_RUNPATH_SEARCH_PATHS = (
					"$(inherited)",
					"@executable_path/Frameworks",
				);
				MARKETING_VERSION = 1.0;
				PRODUCT_BUNDLE_IDENTIFIER = com.zzoutuo.Scrollit;
				PRODUCT_NAME = "$(TARGET_NAME)";
				CODE_SIGN_ENTITLEMENTS = Scrollit/Scrollit.entitlements;
				STRING_CATALOG_GENERATE_SYMBOLS = YES;
				SWIFT_APPROACHABLE_CONCURRENCY = YES;
				SWIFT_DEFAULT_ACTOR_ISOLATION = MainActor;
				SWIFT_EMIT_LOC_STRINGS = YES;
				SWIFT_UPCOMING_FEATURE_MEMBER_IMPORT_VISIBILITY = YES;
				SWIFT_VERSION = 5.0;
				TARGETED_DEVICE_FAMILY = "1,2";
			};
			name = Debug;
		};
		6AA413BA2FB03DD9006ABF8E /* Release */ = {
			isa = XCBuildConfiguration;
			buildSettings = {
				ASSETCATALOG_COMPILER_APPICON_NAME = AppIcon;
				ASSETCATALOG_COMPILER_GLOBAL_ACCENT_COLOR_NAME = AccentColor;
				CODE_SIGN_STYLE = Automatic;
				CURRENT_PROJECT_VERSION = 19;
				DEVELOPMENT_TEAM = JP4TN5PTS3;
				ENABLE_PREVIEWS = YES;
				GENERATE_INFOPLIST_FILE = YES;
				INFOPLIST_KEY_UIApplicationSceneManifest_Generation = YES;
				INFOPLIST_KEY_UIApplicationSupportsIndirectInputEvents = YES;
				INFOPLIST_KEY_UILaunchScreen_Generation = YES;
				INFOPLIST_KEY_UISupportedInterfaceOrientations_iPad = "UIInterfaceOrientationPortrait UIInterfaceOrientationPortraitUpsideDown UIInterfaceOrientationLandscapeLeft UIInterfaceOrientationLandscapeRight";
				INFOPLIST_KEY_UISupportedInterfaceOrientations_iPhone = "UIInterfaceOrientationPortrait UIInterfaceOrientationLandscapeLeft UIInterfaceOrientationLandscapeRight";
				IPHONEOS_DEPLOYMENT_TARGET = 17;
				LD_RUNPATH_SEARCH_PATHS = (
					"$(inherited)",
					"@executable_path/Frameworks",
				);
				MARKETING_VERSION = 1.0;
				PRODUCT_BUNDLE_IDENTIFIER = com.zzoutuo.Scrollit;
				PRODUCT_NAME = "$(TARGET_NAME)";
				CODE_SIGN_ENTITLEMENTS = Scrollit/Scrollit.entitlements;
				STRING_CATALOG_GENERATE_SYMBOLS = YES;
				SWIFT_APPROACHABLE_CONCURRENCY = YES;
				SWIFT_DEFAULT_ACTOR_ISOLATION = MainActor;
				SWIFT_EMIT_LOC_STRINGS = YES;
				SWIFT_UPCOMING_FEATURE_MEMBER_IMPORT_VISIBILITY = YES;
				SWIFT_VERSION = 5.0;
				TARGETED_DEVICE_FAMILY = "1,2";
			};
			name = Release;
		};
		6AA413BC2FB03DD9006ABF8E /* Debug */ = {
			isa = XCBuildConfiguration;
			buildSettings = {
				BUNDLE_LOADER = "$(TEST_HOST)";
				CODE_SIGN_STYLE = Automatic;
				CURRENT_PROJECT_VERSION = 1;
				DEVELOPMENT_TEAM = JP4TN5PTS3;
				GENERATE_INFOPLIST_FILE = YES;
				IPHONEOS_DEPLOYMENT_TARGET = 26.4;
				MARKETING_VERSION = 1.0;
				PRODUCT_BUNDLE_IDENTIFIER = com.zzoutuo.Scrollit.ScrollitTests;
				PRODUCT_NAME = "$(TARGET_NAME)";
				STRING_CATALOG_GENERATE_SYMBOLS = NO;
				SWIFT_APPROACHABLE_CONCURRENCY = YES;
				SWIFT_EMIT_LOC_STRINGS = NO;
				SWIFT_UPCOMING_FEATURE_MEMBER_IMPORT_VISIBILITY = YES;
				SWIFT_VERSION = 5.0;
				TARGETED_DEVICE_FAMILY = "1,2";
				TEST_HOST = "$(BUILT_PRODUCTS_DIR)/Scrollit.app/$(BUNDLE_EXECUTABLE_FOLDER_PATH)/Scrollit";
			};
			name = Debug;
		};
		6AA413BD2FB03DD9006ABF8E /* Release */ = {
			isa = XCBuildConfiguration;
			buildSettings = {
				BUNDLE_LOADER = "$(TEST_HOST)";
				CODE_SIGN_STYLE = Automatic;
				CURRENT_PROJECT_VERSION = 1;
				DEVELOPMENT_TEAM = JP4TN5PTS3;
				GENERATE_INFOPLIST_FILE = YES;
				IPHONEOS_DEPLOYMENT_TARGET = 26.4;
				MARKETING_VERSION = 1.0;
				PRODUCT_BUNDLE_IDENTIFIER = com.zzoutuo.Scrollit.ScrollitTests;
				PRODUCT_NAME = "$(TARGET_NAME)";
				STRING_CATALOG_GENERATE_SYMBOLS = NO;
				SWIFT_APPROACHABLE_CONCURRENCY = YES;
				SWIFT_EMIT_LOC_STRINGS = NO;
				SWIFT_UPCOMING_FEATURE_MEMBER_IMPORT_VISIBILITY = YES;
				SWIFT_VERSION = 5.0;
				TARGETED_DEVICE_FAMILY = "1,2";
				TEST_HOST = "$(BUILT_PRODUCTS_DIR)/Scrollit.app/$(BUNDLE_EXECUTABLE_FOLDER_PATH)/Scrollit";
			};
			name = Release;
		};
		6AA413BF2FB03DD9006ABF8E /* Debug */ = {
			isa = XCBuildConfiguration;
			buildSettings = {
				CODE_SIGN_STYLE = Automatic;
				CURRENT_PROJECT_VERSION = 1;
				DEVELOPMENT_TEAM = JP4TN5PTS3;
				GENERATE_INFOPLIST_FILE = YES;
				MARKETING_VERSION = 1.0;
				PRODUCT_BUNDLE_IDENTIFIER = com.zzoutuo.Scrollit.ScrollitUITests;
				PRODUCT_NAME = "$(TARGET_NAME)";
				STRING_CATALOG_GENERATE_SYMBOLS = NO;
				SWIFT_APPROACHABLE_CONCURRENCY = YES;
				SWIFT_EMIT_LOC_STRINGS = NO;
				SWIFT_UPCOMING_FEATURE_MEMBER_IMPORT_VISIBILITY = YES;
				SWIFT_VERSION = 5.0;
				TARGETED_DEVICE_FAMILY = "1,2";
				TEST_TARGET_NAME = Scrollit;
			};
			name = Debug;
		};
		6AA413C02FB03DD9006ABF8E /* Release */ = {
			isa = XCBuildConfiguration;
			buildSettings = {
				CODE_SIGN_STYLE = Automatic;
				CURRENT_PROJECT_VERSION = 1;
				DEVELOPMENT_TEAM = JP4TN5PTS3;
				GENERATE_INFOPLIST_FILE = YES;
				MARKETING_VERSION = 1.0;
				PRODUCT_BUNDLE_IDENTIFIER = com.zzoutuo.Scrollit.ScrollitUITests;
				PRODUCT_NAME = "$(TARGET_NAME)";
				STRING_CATALOG_GENERATE_SYMBOLS = NO;
				SWIFT_APPROACHABLE_CONCURRENCY = YES;
				SWIFT_EMIT_LOC_STRINGS = NO;
				SWIFT_UPCOMING_FEATURE_MEMBER_IMPORT_VISIBILITY = YES;
				SWIFT_VERSION = 5.0;
				TARGETED_DEVICE_FAMILY = "1,2";
				TEST_TARGET_NAME = Scrollit;
			};
			name = Release;
		};
/* End XCBuildConfiguration section */

/* Begin XCConfigurationList section */
		6AA413922FB03DD8006ABF8E /* Build configuration list for PBXProject "Scrollit" */ = {
			isa = XCConfigurationList;
			buildConfigurations = (
				6AA413B62FB03DD9006ABF8E /* Debug */,
				6AA413B72FB03DD9006ABF8E /* Release */,
			);
			defaultConfigurationIsVisible = 0;
			defaultConfigurationName = Release;
		};
		6AA413B82FB03DD9006ABF8E /* Build configuration list for PBXNativeTarget "Scrollit" */ = {
			isa = XCConfigurationList;
			buildConfigurations = (
				6AA413B92FB03DD9006ABF8E /* Debug */,
				6AA413BA2FB03DD9006ABF8E /* Release */,
			);
			defaultConfigurationIsVisible = 0;
			defaultConfigurationName = Release;
		};
		6AA413BB2FB03DD9006ABF8E /* Build configuration list for PBXNativeTarget "ScrollitTests" */ = {
			isa = XCConfigurationList;
			buildConfigurations = (
				6AA413BC2FB03DD9006ABF8E /* Debug */,
				6AA413BD2FB03DD9006ABF8E /* Release */,
			);
			defaultConfigurationIsVisible = 0;
			defaultConfigurationName = Release;
		};
		6AA413BE2FB03DD9006ABF8E /* Build configuration list for PBXNativeTarget "ScrollitUITests" */ = {
			isa = XCConfigurationList;
			buildConfigurations = (
				6AA413BF2FB03DD9006ABF8E /* Debug */,
				6AA413C02FB03DD9006ABF8E /* Release */,
			);
			defaultConfigurationIsVisible = 0;
			defaultConfigurationName = Release;
		};
/* End XCConfigurationList section */
	};
	rootObject = 6AA4138F2FB03DD8006ABF8E /* Project object */;
}
